
Microsoft Visual Studio Solution File, Format Version 12.00
# Visual Studio Version 17
VisualStudioVersion = 17.9.34728.123
MinimumVisualStudioVersion = 10.0.40219.1
Project("{9A19103F-16F7-4668-BE54-9A1E7A4F7556}") = "NTouch", "NTouch.csproj", "{76479D2D-2075-46CC-9972-EEE96A23DBFF}"
EndProject
Project("{2150E333-8FDC-42A3-9474-1A3956D46DE8}") = "Data", "Data", "{5FEEA814-CDC5-49F5-8724-63A5D5EBE752}"
EndProject
Project("{9A19103F-16F7-4668-BE54-9A1E7A4F7556}") = "DataAccessComponent", "Data\DataAccessComponent\DataAccessComponent.csproj", "{59C22BD1-4B41-4AAC-8B85-42D031233748}"
EndProject
Project("{9A19103F-16F7-4668-BE54-9A1E7A4F7556}") = "ObjectLibrary", "Data\ObjectLibrary\ObjectLibrary.csproj", "{188BBAB0-6C2E-41C5-92B0-DD86D8CD4F97}"
EndProject
Global
	GlobalSection(SolutionConfigurationPlatforms) = preSolution
		Debug|Any CPU = Debug|Any CPU
		Release|Any CPU = Release|Any CPU
	EndGlobalSection
	GlobalSection(ProjectConfigurationPlatforms) = postSolution
		{76479D2D-2075-46CC-9972-EEE96A23DBFF}.Debug|Any CPU.ActiveCfg = Debug|Any CPU
		{76479D2D-2075-46CC-9972-EEE96A23DBFF}.Debug|Any CPU.Build.0 = Debug|Any CPU
		{76479D2D-2075-46CC-9972-EEE96A23DBFF}.Release|Any CPU.ActiveCfg = Release|Any CPU
		{76479D2D-2075-46CC-9972-EEE96A23DBFF}.Release|Any CPU.Build.0 = Release|Any CPU
		{59C22BD1-4B41-4AAC-8B85-42D031233748}.Debug|Any CPU.ActiveCfg = Debug|Any CPU
		{59C22BD1-4B41-4AAC-8B85-42D031233748}.Debug|Any CPU.Build.0 = Debug|Any CPU
		{59C22BD1-4B41-4AAC-8B85-42D031233748}.Release|Any CPU.ActiveCfg = Release|Any CPU
		{59C22BD1-4B41-4AAC-8B85-42D031233748}.Release|Any CPU.Build.0 = Release|Any CPU
		{188BBAB0-6C2E-41C5-92B0-DD86D8CD4F97}.Debug|Any CPU.ActiveCfg = Debug|Any CPU
		{188BBAB0-6C2E-41C5-92B0-DD86D8CD4F97}.Debug|Any CPU.Build.0 = Debug|Any CPU
		{188BBAB0-6C2E-41C5-92B0-DD86D8CD4F97}.Release|Any CPU.ActiveCfg = Release|Any CPU
		{188BBAB0-6C2E-41C5-92B0-DD86D8CD4F97}.Release|Any CPU.Build.0 = Release|Any CPU
	EndGlobalSection
	GlobalSection(SolutionProperties) = preSolution
		HideSolutionNode = FALSE
	EndGlobalSection
	GlobalSection(NestedProjects) = preSolution
		{59C22BD1-4B41-4AAC-8B85-42D031233748} = {5FEEA814-CDC5-49F5-8724-63A5D5EBE752}
		{188BBAB0-6C2E-41C5-92B0-DD86D8CD4F97} = {5FEEA814-CDC5-49F5-8724-63A5D5EBE752}
	EndGlobalSection
	GlobalSection(ExtensibilityGlobals) = postSolution
		SolutionGuid = {3187C9F8-9A57-4497-8D8E-355EAB2991CD}
	EndGlobalSection
EndGlobal
